
Microsoft Visual Studio Solution File, Format Version 12.00
# Visual Studio 15
VisualStudioVersion = 15.0.26730.16
MinimumVisualStudioVersion = 10.0.40219.1
Project("{FAE04EC0-301F-11D3-BF4B-00C04F79EFBC}") = "PolyRents", "PolyRents\PolyRents.csproj", "{93C2468D-FBBB-4ACC-98D2-A69D5CC28786}"
EndProject
Project("{FAE04EC0-301F-11D3-BF4B-00C04F79EFBC}") = "PolyRentsTests", "PolyRentsTests\PolyRentsTests.csproj", "{684066E3-51B3-4AA5-A891-00BBA3BCD1C6}"
EndProject
Global
	GlobalSection(SolutionConfigurationPlatforms) = preSolution
		Debug|Any CPU = Debug|Any CPU
		Release|Any CPU = Release|Any CPU
	EndGlobalSection
	GlobalSection(ProjectConfigurationPlatforms) = postSolution
		{93C2468D-FBBB-4ACC-98D2-A69D5CC28786}.Debug|Any CPU.ActiveCfg = Debug|Any CPU
		{93C2468D-FBBB-4ACC-98D2-A69D5CC28786}.Debug|Any CPU.Build.0 = Debug|Any CPU
		{93C2468D-FBBB-4ACC-98D2-A69D5CC28786}.Release|Any CPU.ActiveCfg = Release|Any CPU
		{93C2468D-FBBB-4ACC-98D2-A69D5CC28786}.Release|Any CPU.Build.0 = Release|Any CPU
		{684066E3-51B3-4AA5-A891-00BBA3BCD1C6}.Debug|Any CPU.ActiveCfg = Debug|Any CPU
		{684066E3-51B3-4AA5-A891-00BBA3BCD1C6}.Debug|Any CPU.Build.0 = Debug|Any CPU
		{684066E3-51B3-4AA5-A891-00BBA3BCD1C6}.Release|Any CPU.ActiveCfg = Release|Any CPU
		{684066E3-51B3-4AA5-A891-00BBA3BCD1C6}.Release|Any CPU.Build.0 = Release|Any CPU
	EndGlobalSection
	GlobalSection(SolutionProperties) = preSolution
		HideSolutionNode = FALSE
	EndGlobalSection
	GlobalSection(ExtensibilityGlobals) = postSolution
		SolutionGuid = {183B52BB-F69C-4C33-AB23-3D5100F39CA6}
	EndGlobalSection
EndGlobal
